
Microsoft Visual Studio Solution File, Format Version 12.00
# Visual Studio Version 17
VisualStudioVersion = 17.3.32922.545
MinimumVisualStudioVersion = 10.0.40219.1
Project("{9A19103F-16F7-4668-BE54-9A1E7A4F7556}") = "KwikKwekSnackWeb", "KwikKwekSnack\KwikKwekSnackWeb.csproj", "{FE815D00-604C-4773-AA00-A3ACCA038461}"
EndProject
Project("{9A19103F-16F7-4668-BE54-9A1E7A4F7556}") = "KwikKwekSnack.Domain", "KwikKwekSnack.Domain\KwikKwekSnack.Domain.csproj", "{FAADD224-5CFE-49E2-9C75-49C989860E15}"
EndProject
Project("{FAE04EC0-301F-11D3-BF4B-00C04F79EFBC}") = "KwikKwekSnackConsole", "KwikKwekSnackConsole\KwikKwekSnackConsole.csproj", "{1FCC5B37-81A4-47FD-B744-28CDB94DF98E}"
EndProject
Global
	GlobalSection(SolutionConfigurationPlatforms) = preSolution
		Debug|Any CPU = Debug|Any CPU
		Release|Any CPU = Release|Any CPU
	EndGlobalSection
	GlobalSection(ProjectConfigurationPlatforms) = postSolution
		{FE815D00-604C-4773-AA00-A3ACCA038461}.Debug|Any CPU.ActiveCfg = Debug|Any CPU
		{FE815D00-604C-4773-AA00-A3ACCA038461}.Debug|Any CPU.Build.0 = Debug|Any CPU
		{FE815D00-604C-4773-AA00-A3ACCA038461}.Release|Any CPU.ActiveCfg = Release|Any CPU
		{FE815D00-604C-4773-AA00-A3ACCA038461}.Release|Any CPU.Build.0 = Release|Any CPU
		{FAADD224-5CFE-49E2-9C75-49C989860E15}.Debug|Any CPU.ActiveCfg = Debug|Any CPU
		{FAADD224-5CFE-49E2-9C75-49C989860E15}.Debug|Any CPU.Build.0 = Debug|Any CPU
		{FAADD224-5CFE-49E2-9C75-49C989860E15}.Release|Any CPU.ActiveCfg = Release|Any CPU
		{FAADD224-5CFE-49E2-9C75-49C989860E15}.Release|Any CPU.Build.0 = Release|Any CPU
		{1FCC5B37-81A4-47FD-B744-28CDB94DF98E}.Debug|Any CPU.ActiveCfg = Debug|Any CPU
		{1FCC5B37-81A4-47FD-B744-28CDB94DF98E}.Debug|Any CPU.Build.0 = Debug|Any CPU
		{1FCC5B37-81A4-47FD-B744-28CDB94DF98E}.Release|Any CPU.ActiveCfg = Release|Any CPU
		{1FCC5B37-81A4-47FD-B744-28CDB94DF98E}.Release|Any CPU.Build.0 = Release|Any CPU
	EndGlobalSection
	GlobalSection(SolutionProperties) = preSolution
		HideSolutionNode = FALSE
	EndGlobalSection
	GlobalSection(ExtensibilityGlobals) = postSolution
		SolutionGuid = {A3CC244B-BD6B-406B-B02A-DE6D402F1E91}
	EndGlobalSection
EndGlobal
